
Microsoft Visual Studio Solution File, Format Version 12.00
# Visual Studio Version 17
VisualStudioVersion = 17.6.33815.320
MinimumVisualStudioVersion = 10.0.40219.1
Project("{8BC9CEB8-8B4A-11D0-8D11-00A0C91BC942}") = "C프로그래밍언어2_실기_20231030", "C프로그래밍언어2_실기_20231030\C프로그래밍언어2_실기_20231030.vcxproj", "{7A4B8B77-B3D3-440A-9BB7-29DA7D33524A}"
EndProject
Global
	GlobalSection(SolutionConfigurationPlatforms) = preSolution
		Debug|x64 = Debug|x64
		Debug|x86 = Debug|x86
		Release|x64 = Release|x64
		Release|x86 = Release|x86
	EndGlobalSection
	GlobalSection(ProjectConfigurationPlatforms) = postSolution
		{7A4B8B77-B3D3-440A-9BB7-29DA7D33524A}.Debug|x64.ActiveCfg = Debug|x64
		{7A4B8B77-B3D3-440A-9BB7-29DA7D33524A}.Debug|x64.Build.0 = Debug|x64
		{7A4B8B77-B3D3-440A-9BB7-29DA7D33524A}.Debug|x86.ActiveCfg = Debug|Win32
		{7A4B8B77-B3D3-440A-9BB7-29DA7D33524A}.Debug|x86.Build.0 = Debug|Win32
		{7A4B8B77-B3D3-440A-9BB7-29DA7D33524A}.Release|x64.ActiveCfg = Release|x64
		{7A4B8B77-B3D3-440A-9BB7-29DA7D33524A}.Release|x64.Build.0 = Release|x64
		{7A4B8B77-B3D3-440A-9BB7-29DA7D33524A}.Release|x86.ActiveCfg = Release|Win32
		{7A4B8B77-B3D3-440A-9BB7-29DA7D33524A}.Release|x86.Build.0 = Release|Win32
	EndGlobalSection
	GlobalSection(SolutionProperties) = preSolution
		HideSolutionNode = FALSE
	EndGlobalSection
	GlobalSection(ExtensibilityGlobals) = postSolution
		SolutionGuid = {C11AAE66-4E2D-46AB-A5EF-7CB0C9E6D1DE}
	EndGlobalSection
EndGlobal
