
Microsoft Visual Studio Solution File, Format Version 12.00
# Visual Studio Version 17
VisualStudioVersion = 17.6.33815.320
MinimumVisualStudioVersion = 10.0.40219.1
Project("{8BC9CEB8-8B4A-11D0-8D11-00A0C91BC942}") = "C프로그래밍언어2_실기_20231113", "C프로그래밍언어2_실기_20231113\C프로그래밍언어2_실기_20231113.vcxproj", "{6E429B6A-41CE-4065-8383-47AF1A3BFAE7}"
EndProject
Global
	GlobalSection(SolutionConfigurationPlatforms) = preSolution
		Debug|x64 = Debug|x64
		Debug|x86 = Debug|x86
		Release|x64 = Release|x64
		Release|x86 = Release|x86
	EndGlobalSection
	GlobalSection(ProjectConfigurationPlatforms) = postSolution
		{6E429B6A-41CE-4065-8383-47AF1A3BFAE7}.Debug|x64.ActiveCfg = Debug|x64
		{6E429B6A-41CE-4065-8383-47AF1A3BFAE7}.Debug|x64.Build.0 = Debug|x64
		{6E429B6A-41CE-4065-8383-47AF1A3BFAE7}.Debug|x86.ActiveCfg = Debug|Win32
		{6E429B6A-41CE-4065-8383-47AF1A3BFAE7}.Debug|x86.Build.0 = Debug|Win32
		{6E429B6A-41CE-4065-8383-47AF1A3BFAE7}.Release|x64.ActiveCfg = Release|x64
		{6E429B6A-41CE-4065-8383-47AF1A3BFAE7}.Release|x64.Build.0 = Release|x64
		{6E429B6A-41CE-4065-8383-47AF1A3BFAE7}.Release|x86.ActiveCfg = Release|Win32
		{6E429B6A-41CE-4065-8383-47AF1A3BFAE7}.Release|x86.Build.0 = Release|Win32
	EndGlobalSection
	GlobalSection(SolutionProperties) = preSolution
		HideSolutionNode = FALSE
	EndGlobalSection
	GlobalSection(ExtensibilityGlobals) = postSolution
		SolutionGuid = {AE8BAC65-4891-4142-ABB6-A00A0D9F1616}
	EndGlobalSection
EndGlobal
